
Microsoft Visual Studio Solution File, Format Version 12.00
# Visual Studio Version 16
VisualStudioVersion = 16.0.29123.88
MinimumVisualStudioVersion = 10.0.40219.1
Project("{FAE04EC0-301F-11D3-BF4B-00C04F79EFBC}") = "toDoList", "toDoList\toDoList.csproj", "{80384D9C-9CEE-4C72-B07D-AF7159A5D4F3}"
EndProject
Global
	GlobalSection(SolutionConfigurationPlatforms) = preSolution
		Debug|Any CPU = Debug|Any CPU
		Release|Any CPU = Release|Any CPU
	EndGlobalSection
	GlobalSection(ProjectConfigurationPlatforms) = postSolution
		{80384D9C-9CEE-4C72-B07D-AF7159A5D4F3}.Debug|Any CPU.ActiveCfg = Debug|Any CPU
		{80384D9C-9CEE-4C72-B07D-AF7159A5D4F3}.Debug|Any CPU.Build.0 = Debug|Any CPU
		{80384D9C-9CEE-4C72-B07D-AF7159A5D4F3}.Release|Any CPU.ActiveCfg = Release|Any CPU
		{80384D9C-9CEE-4C72-B07D-AF7159A5D4F3}.Release|Any CPU.Build.0 = Release|Any CPU
	EndGlobalSection
	GlobalSection(SolutionProperties) = preSolution
		HideSolutionNode = FALSE
	EndGlobalSection
	GlobalSection(ExtensibilityGlobals) = postSolution
		SolutionGuid = {6FB0AD13-5E88-441B-A81E-BA494439D38B}
	EndGlobalSection
EndGlobal
